
Microsoft Visual Studio Solution File, Format Version 12.00
# Visual Studio Version 16
VisualStudioVersion = 16.0.810.5
MinimumVisualStudioVersion = 10.0.40219.1
Project("{FAE04EC0-301F-11D3-BF4B-00C04F79EFBC}") = "DistanceFieldTool", "DistanceFieldTool.csproj", "{7BF14B8D-B4C1-49FA-ADD6-BD641DE82EA6}"
EndProject
Global
	GlobalSection(SolutionConfigurationPlatforms) = preSolution
		Debug|x86 = Debug|x86
		Release|x86 = Release|x86
	EndGlobalSection
	GlobalSection(ProjectConfigurationPlatforms) = postSolution
		{7BF14B8D-B4C1-49FA-ADD6-BD641DE82EA6}.Debug|x86.ActiveCfg = Debug|x86
		{7BF14B8D-B4C1-49FA-ADD6-BD641DE82EA6}.Debug|x86.Build.0 = Debug|x86
		{7BF14B8D-B4C1-49FA-ADD6-BD641DE82EA6}.Release|x86.ActiveCfg = Release|x86
		{7BF14B8D-B4C1-49FA-ADD6-BD641DE82EA6}.Release|x86.Build.0 = Release|x86
	EndGlobalSection
	GlobalSection(SolutionProperties) = preSolution
		HideSolutionNode = FALSE
	EndGlobalSection
	GlobalSection(ExtensibilityGlobals) = postSolution
		SolutionGuid = {5557EB98-36EE-4FB3-85CB-7EBBC8823065}
	EndGlobalSection
EndGlobal
